<?xml version="1.0" encoding="UTF-8" standalone="yes" ?>
<CodeBlocks_project_file>
	<FileVersion major="1" minor="6" />
	<Project>
		<Option title="Laboratorio" />
		<Option pch_mode="2" />
		<Option compiler="gcc" />
		<Build>
			<Target title="Debug">
				<Option output="bin/Debug/Laboratorio" prefix_auto="1" extension_auto="1" />
				<Option object_output="obj/Debug/" />
				<Option type="1" />
				<Option compiler="gcc" />
				<Compiler>
					<Add option="-g" />
				</Compiler>
			</Target>
			<Target title="Release">
				<Option output="bin/Release/Laboratorio" prefix_auto="1" extension_auto="1" />
				<Option object_output="obj/Release/" />
				<Option type="1" />
				<Option compiler="gcc" />
				<Compiler>
					<Add option="-O2" />
				</Compiler>
				<Linker>
					<Add option="-s" />
				</Linker>
			</Target>
		</Build>
		<Compiler>
			<Add option="-Wall" />
			<Add option="-fexceptions" />
		</Compiler>
		<Unit filename="Definiciones.h">
			<Option target="Release" />
		</Unit>
		<Unit filename="Funciones.cpp">
			<Option target="Release" />
		</Unit>
		<Unit filename="classes/headers/Usuario.h">
			<Option target="Release" />
		</Unit>
		<Unit filename="classes/headers/Vehiculo.h">
			<Option target="Release" />
		</Unit>
		<Unit filename="classes/headers/Viaje.h">
			<Option target="Release" />
		</Unit>
		<Unit filename="classes/sources/Bicicleta.cpp">
			<Option target="Release" />
		</Unit>
		<Unit filename="classes/sources/Monopatin.cpp">
			<Option target="Release" />
		</Unit>
		<Unit filename="classes/sources/Usuario.cpp">
			<Option target="Release" />
		</Unit>
		<Unit filename="classes/sources/Vehiculo.cpp">
			<Option target="Release" />
		</Unit>
		<Unit filename="classes/sources/Viaje.cpp">
			<Option target="Release" />
		</Unit>
		<Unit filename="datatypes/headers/DtFecha.h">
			<Option target="Release" />
		</Unit>
		<Unit filename="datatypes/headers/DtVehiculo.h">
			<Option target="Release" />
		</Unit>
		<Unit filename="datatypes/headers/DtViaje.h">
			<Option target="Release" />
		</Unit>
		<Unit filename="datatypes/headers/dtbicicleta.h">
			<Option target="Release" />
		</Unit>
		<Unit filename="datatypes/headers/dtmonopatin.h">
			<Option target="Release" />
		</Unit>
		<Unit filename="datatypes/headers/dtviajebase.h">
			<Option target="Release" />
		</Unit>
		<Unit filename="datatypes/sources/DtBicicleta.cpp">
			<Option target="Release" />
		</Unit>
		<Unit filename="datatypes/sources/DtFecha.cpp">
			<Option target="Release" />
		</Unit>
		<Unit filename="datatypes/sources/DtMonopatin.cpp">
			<Option target="Release" />
		</Unit>
		<Unit filename="datatypes/sources/DtVehiculo.cpp">
			<Option target="Release" />
		</Unit>
		<Unit filename="datatypes/sources/DtViaje.cpp">
			<Option target="Release" />
		</Unit>
		<Unit filename="datatypes/sources/DtViajeBase.cpp">
			<Option target="Release" />
		</Unit>
		<Unit filename="main.cpp">
			<Option target="Release" />
		</Unit>
		<Extensions>
			<lib_finder disable_auto="1" />
		</Extensions>
	</Project>
</CodeBlocks_project_file>
